// !$*UTF8*$!
{
	archiveVersion = 1;
	classes = {
	};
	objectVersion = 39;
	objects = {
		00E5856D005F0FA87F000001 = {
			fileEncoding = 30;
			isa = PBXFileReference;
			lastKnownFileType = sourcecode.c.objc;
			name = MacOSaiXDocument.m;
			path = MacOSaiX/MacOSaiXDocument.m;
			refType = 4;
			sourceTree = "<group>";
		};
		00E5856E005F0FA87F000001 = {
			fileEncoding = 30;
			isa = PBXFileReference;
			lastKnownFileType = sourcecode.c.h;
			name = MacOSaiXDocument.h;
			path = MacOSaiX/MacOSaiXDocument.h;
			refType = 4;
			sourceTree = "<group>";
		};
		00EAAC6000853DFB7F000001 = {
			fileEncoding = 30;
			isa = PBXFileReference;
			lastKnownFileType = sourcecode.c.h;
			name = Tiles.h;
			path = MacOSaiX/Tiles.h;
			refType = 4;
			sourceTree = "<group>";
		};
		00EAAC6100853DFB7F000001 = {
			fileEncoding = 30;
			isa = PBXFileReference;
			lastKnownFileType = sourcecode.c.objc;
			name = Tiles.m;
			path = MacOSaiX/Tiles.m;
			refType = 4;
			sourceTree = "<group>";
		};
//000
//001
//002
//003
//004
//010
//011
//012
//013
//014
		0127354207CD6EBB0053037A = {
			fileEncoding = 30;
			isa = PBXFileReference;
			lastKnownFileType = text.xml;
			name = Defaults.plist;
			path = MacOSaiX/Defaults.plist;
			refType = 4;
			sourceTree = "<group>";
		};
		0127354307CD6EBB0053037A = {
			fileRef = 0127354207CD6EBB0053037A;
			isa = PBXBuildFile;
			settings = {
			};
		};
		0128323A071B7297004ACF95 = {
			fileRef = F514D53C0390266E01B25AF1;
			isa = PBXBuildFile;
			settings = {
			};
		};
		01283247071B72B5004ACF95 = {
			buildActionMask = 2147483647;
			files = (
				01453D55071B6F8000BCEC7C,
				9287C13E075A5CC6004C07EF,
			);
			isa = PBXHeadersBuildPhase;
			runOnlyForDeploymentPostprocessing = 0;
		};
		01453C99071B6EE300BCEC7C = {
			children = (
				927FA75C03FA3607000A0D3F,
				927FA75E03FA3621000A0D3F,
				927FA75D03FA3614000A0D3F,
				92F2B1D7048027570000011E,
			);
			isa = PBXGroup;
			name = "Image Sources";
			refType = 4;
			sourceTree = "<group>";
		};
		01453CA7071B6EED00BCEC7C = {
			children = (
				927FA75B03FA35EE000A0D3F,
				928F72C4066122B000873AE2,
				01453D3B071B6F0E00BCEC7C,
			);
			isa = PBXGroup;
			name = "Tile Shapes";
			refType = 4;
			sourceTree = "<group>";
		};
		01453D3B071B6F0E00BCEC7C = {
			children = (
				01453D52071B6F8000BCEC7C,
				01453D53071B6F8000BCEC7C,
				01453D4E071B6F7900BCEC7C,
				01453D51071B6F8000BCEC7C,
			);
			isa = PBXGroup;
			name = Puzzle;
			refType = 4;
			sourceTree = "<group>";
		};
		01453D46071B6F2D00BCEC7C = {
			buildActionMask = 2147483647;
			files = (
				01453D50071B6F7900BCEC7C,
				01453D54071B6F8000BCEC7C,
			);
			isa = PBXResourcesBuildPhase;
			runOnlyForDeploymentPostprocessing = 0;
		};
		01453D47071B6F2D00BCEC7C = {
			buildActionMask = 2147483647;
			files = (
				01453D56071B6F8000BCEC7C,
			);
			isa = PBXSourcesBuildPhase;
			runOnlyForDeploymentPostprocessing = 0;
		};
		01453D48071B6F2D00BCEC7C = {
			buildActionMask = 2147483647;
			files = (
				0128323A071B7297004ACF95,
			);
			isa = PBXFrameworksBuildPhase;
			runOnlyForDeploymentPostprocessing = 0;
		};
		01453D49071B6F2D00BCEC7C = {
			buildPhases = (
				01283247071B72B5004ACF95,
				01453D46071B6F2D00BCEC7C,
				01453D47071B6F2D00BCEC7C,
				01453D48071B6F2D00BCEC7C,
			);
			buildRules = (
			);
			buildSettings = {
				GCC_PRECOMPILE_PREFIX_HEADER = NO;
				GCC_PREFIX_HEADER = "";
				INFOPLIST_FILE = "Standard Plugins/Puzzle Tiles Setup/Info.plist";
				INSTALL_PATH = "$(USER_LIBRARY_DIR)/Bundles";
				OTHER_CFLAGS = "";
				OTHER_LDFLAGS = "-framework Foundation -framework AppKit";
				OTHER_REZFLAGS = "";
				PRODUCT_NAME = "Puzzle Tiles";
				SECTORDER_FLAGS = "";
				WARNING_CFLAGS = "-Wmost -Wno-four-char-constants -Wno-unknown-pragmas";
				WRAPPER_EXTENSION = plugin;
			};
			dependencies = (
			);
			isa = PBXNativeTarget;
			name = "Puzzle Tiles Setup";
			productName = "Puzzle Tiles Setup";
			productReference = 01453D4A071B6F2D00BCEC7C;
			productSettingsXML = "<?xml version=\"1.0\" encoding=\"UTF-8\"?>
<!DOCTYPE plist PUBLIC \"-//Apple Computer//DTD PLIST 1.0//EN\" \"http://www.apple.com/DTDs/PropertyList-1.0.dtd\">
<plist version=\"1.0\">
<dict>
	<key>CFBundleDevelopmentRegion</key>
	<string>English</string>
	<key>CFBundleExecutable</key>
	<string>Puzzle Tiles Setup</string>
	<key>CFBundleIdentifier</key>
	<string>com.yourcompany.Puzzle_Tiles_Setup</string>
	<key>CFBundleInfoDictionaryVersion</key>
	<string>6.0</string>
	<key>CFBundlePackageType</key>
	<string>APPL</string>
	<key>CFBundleSignature</key>
	<string>????</string>
	<key>CFBundleVersion</key>
	<string>1.0</string>
</dict>
</plist>
";
			productType = "com.apple.product-type.bundle";
		};
		01453D4A071B6F2D00BCEC7C = {
			explicitFileType = wrapper.cfbundle;
			includeInIndex = 0;
			isa = PBXFileReference;
			path = "Puzzle Tiles.plugin";
			refType = 3;
			sourceTree = BUILT_PRODUCTS_DIR;
		};
		01453D4E071B6F7900BCEC7C = {
			children = (
				01453D4F071B6F7900BCEC7C,
			);
			isa = PBXVariantGroup;
			name = PuzzleTilesSetup.nib;
			path = "";
			refType = 4;
			sourceTree = "<group>";
		};
		01453D4F071B6F7900BCEC7C = {
			isa = PBXFileReference;
			lastKnownFileType = wrapper.nib;
			name = English;
			path = "Standard Plugins/Puzzle Tiles Setup/English.lproj/PuzzleTilesSetup.nib";
			refType = 4;
			sourceTree = "<group>";
		};
		01453D50071B6F7900BCEC7C = {
			fileRef = 01453D4E071B6F7900BCEC7C;
			isa = PBXBuildFile;
			settings = {
			};
		};
		01453D51071B6F8000BCEC7C = {
			fileEncoding = 30;
			isa = PBXFileReference;
			lastKnownFileType = text.xml;
			name = Info.plist;
			path = "Standard Plugins/Puzzle Tiles Setup/Info.plist";
			refType = 4;
			sourceTree = "<group>";
		};
		01453D52071B6F8000BCEC7C = {
			fileEncoding = 30;
			isa = PBXFileReference;
			lastKnownFileType = sourcecode.c.h;
			name = PuzzleTilesSetupController.h;
			path = "Standard Plugins/Puzzle Tiles Setup/PuzzleTilesSetupController.h";
			refType = 4;
			sourceTree = "<group>";
		};
		01453D53071B6F8000BCEC7C = {
			fileEncoding = 30;
			isa = PBXFileReference;
			lastKnownFileType = sourcecode.c.objc;
			name = PuzzleTilesSetupController.m;
			path = "Standard Plugins/Puzzle Tiles Setup/PuzzleTilesSetupController.m";
			refType = 4;
			sourceTree = "<group>";
		};
		01453D54071B6F8000BCEC7C = {
			fileRef = 01453D51071B6F8000BCEC7C;
			isa = PBXBuildFile;
			settings = {
			};
		};
		01453D55071B6F8000BCEC7C = {
			fileRef = 01453D52071B6F8000BCEC7C;
			isa = PBXBuildFile;
			settings = {
			};
		};
		01453D56071B6F8000BCEC7C = {
			fileRef = 01453D53071B6F8000BCEC7C;
			isa = PBXBuildFile;
			settings = {
			};
		};
		014DB625071A2C8D00DF68C0 = {
			fileEncoding = 30;
			isa = PBXFileReference;
			lastKnownFileType = text.xml;
			name = Info.plist;
			path = "Standard Plugins/Hexaganol Tiles Setup/Info.plist";
			refType = 4;
			sourceTree = "<group>";
		};
		014DB626071A2C8D00DF68C0 = {
			fileRef = 014DB625071A2C8D00DF68C0;
			isa = PBXBuildFile;
			settings = {
			};
		};
		01A1978E071A200E00B11558 = {
			fileRef = F514D53C0390266E01B25AF1;
			isa = PBXBuildFile;
			settings = {
			};
		};
		01A197A4071A202500B11558 = {
			buildActionMask = 2147483647;
			files = (
				9287C13D075A5CC6004C07EF,
				9227FD7107E37A240020C5F4,
				9227FD7307E37A240020C5F4,
			);
			isa = PBXHeadersBuildPhase;
			runOnlyForDeploymentPostprocessing = 0;
		};
		01AB92E907DB797300DB4B86 = {
			fileEncoding = 4;
			isa = PBXFileReference;
			lastKnownFileType = sourcecode.c.h;
			name = "NSString+MacOSaiX.h";
			path = "MacOSaiX/NSString+MacOSaiX.h";
			refType = 4;
			sourceTree = "<group>";
		};
		01AB92EA07DB797300DB4B86 = {
			fileEncoding = 4;
			isa = PBXFileReference;
			lastKnownFileType = sourcecode.c.objc;
			name = "NSString+MacOSaiX.m";
			path = "MacOSaiX/NSString+MacOSaiX.m";
			refType = 4;
			sourceTree = "<group>";
		};
		01AB92EB07DB797300DB4B86 = {
			fileRef = 01AB92E907DB797300DB4B86;
			isa = PBXBuildFile;
			settings = {
			};
		};
		01AB92EC07DB797300DB4B86 = {
			fileRef = 01AB92EA07DB797300DB4B86;
			isa = PBXBuildFile;
			settings = {
			};
		};
		01AB92ED07DB797E00DB4B86 = {
			children = (
				01BBDECB0747081400F17A9F,
				01BBDECC0747081400F17A9F,
				01AB92E907DB797300DB4B86,
				01AB92EA07DB797300DB4B86,
			);
			isa = PBXGroup;
			name = "Cocoa Extensions";
			refType = 4;
			sourceTree = "<group>";
		};
		01AC3A3B07B0997C0025F915 = {
			isa = PBXFileReference;
			lastKnownFileType = image.png;
			name = Settings.png;
			path = Images/Settings.png;
			refType = 4;
			sourceTree = "<group>";
		};
		01AC3A3C07B0997C0025F915 = {
			fileRef = 01AC3A3B07B0997C0025F915;
			isa = PBXBuildFile;
			settings = {
			};
		};
		01BBDECB0747081400F17A9F = {
			fileEncoding = 4;
			isa = PBXFileReference;
			lastKnownFileType = sourcecode.c.h;
			name = "NSImage+MacOSaiX.h";
			path = "MacOSaiX/NSImage+MacOSaiX.h";
			refType = 4;
			sourceTree = "<group>";
		};
		01BBDECC0747081400F17A9F = {
			fileEncoding = 4;
			isa = PBXFileReference;
			lastKnownFileType = sourcecode.c.objc;
			name = "NSImage+MacOSaiX.m";
			path = "MacOSaiX/NSImage+MacOSaiX.m";
			refType = 4;
			sourceTree = "<group>";
		};
		01BBDECD0747081400F17A9F = {
			fileRef = 01BBDECB0747081400F17A9F;
			isa = PBXBuildFile;
			settings = {
			};
		};
		01BBDECE0747081400F17A9F = {
			fileRef = 01BBDECC0747081400F17A9F;
			isa = PBXBuildFile;
			settings = {
			};
		};
		01CB07E2071A1F2B00710BCF = {
			buildActionMask = 2147483647;
			files = (
				014DB626071A2C8D00DF68C0,
				9227FD7B07E37A340020C5F4,
			);
			isa = PBXResourcesBuildPhase;
			runOnlyForDeploymentPostprocessing = 0;
		};
		01CB07E3071A1F2B00710BCF = {
			buildActionMask = 2147483647;
			files = (
				9227FD7207E37A240020C5F4,
				9227FD7407E37A240020C5F4,
			);
			isa = PBXSourcesBuildPhase;
			runOnlyForDeploymentPostprocessing = 0;
		};
		01CB07E4071A1F2B00710BCF = {
			buildActionMask = 2147483647;
			files = (
				01A1978E071A200E00B11558,
			);
			isa = PBXFrameworksBuildPhase;
			runOnlyForDeploymentPostprocessing = 0;
		};
		01CB07E5071A1F2B00710BCF = {
			buildPhases = (
				01A197A4071A202500B11558,
				01CB07E2071A1F2B00710BCF,
				01CB07E3071A1F2B00710BCF,
				01CB07E4071A1F2B00710BCF,
			);
			buildRules = (
			);
			buildSettings = {
				FRAMEWORK_SEARCH_PATHS = /Users/frank/Development/MacOSaiX/build;
				GCC_PRECOMPILE_PREFIX_HEADER = YES;
				GCC_PREFIX_HEADER = "";
				INFOPLIST_FILE = "Standard Plugins/Hexaganol Tiles Setup/Info.plist";
				INSTALL_PATH = "$(USER_LIBRARY_DIR)/Bundles";
				OTHER_CFLAGS = "";
				OTHER_LDFLAGS = "-framework Foundation -framework AppKit";
				OTHER_REZFLAGS = "";
				PRODUCT_NAME = "Hexagonal Tiles";
				SECTORDER_FLAGS = "";
				WARNING_CFLAGS = "-Wmost -Wno-four-char-constants -Wno-unknown-pragmas";
				WRAPPER_EXTENSION = plugin;
			};
			dependencies = (
			);
			isa = PBXNativeTarget;
			name = "Hexagonal Tiles Plug-in";
			productName = "Hexagonal Tiles Plug-in";
			productReference = 01CB07E6071A1F2B00710BCF;
			productType = "com.apple.product-type.bundle";
		};
		01CB07E6071A1F2B00710BCF = {
			explicitFileType = wrapper.cfbundle;
			includeInIndex = 0;
			isa = PBXFileReference;
			path = "Hexagonal Tiles.plugin";
			refType = 3;
			sourceTree = BUILT_PRODUCTS_DIR;
		};
//010
//011
//012
//013
//014
//080
//081
//082
//083
//084
		080E96DDFE201D6D7F000001 = {
			children = (
				29B97316FDCFA39411CA2CEA,
				F5666CC9C5B062B401D943E0,
				F5666CCAC5B062B401D943E0,
				00E5856E005F0FA87F000001,
				00E5856D005F0FA87F000001,
				9289DDA3073D713100C88091,
				9289DDA4073D713100C88091,
				9289DDA5073D713100C88091,
				9289DDA6073D713100C88091,
				F5517EEE020CD88F01000106,
				F5517EEF020CD88F01000106,
				F566B485028052CF01000108,
				F566B486028052CF01000108,
				00EAAC6000853DFB7F000001,
				00EAAC6100853DFB7F000001,
				9287C13A075A5CC6004C07EF,
				923384DB072180700010BE04,
				92F00CE207C1B1D0004F6D06,
				92F00CE307C1B1D0004F6D06,
				01AB92ED07DB797E00DB4B86,
				0127354207CD6EBB0053037A,
				928F724A0661214000873AE2,
				928F726C066121AE00873AE2,
				92BFFEC1079A2DD50052CC4C,
				928F72460661211600873AE2,
				F57C77BD025E6D6001000102,
			);
			isa = PBXGroup;
			name = MacOSaiX.app;
			refType = 4;
			sourceTree = "<group>";
		};
//080
//081
//082
//083
//084
//190
//191
//192
//193
//194
		19C28FACFE9D520D11CA2CBB = {
			children = (
				928489A306611CE6003B3514,
				928489C406611CE6003B3514,
				928489D406611CE6003B3514,
				928489E506611CE6003B3514,
				928489F306611CE6003B3514,
				92848A0406611CE6003B3514,
				01CB07E6071A1F2B00710BCF,
				01453D4A071B6F2D00BCEC7C,
			);
			isa = PBXGroup;
			name = Products;
			refType = 4;
			sourceTree = "<group>";
		};
//190
//191
//192
//193
//194
//290
//291
//292
//293
//294
		29B97313FDCFA39411CA2CEA = {
			buildSettings = {
				MACOSX_DEPLOYMENT_TARGET = 10.2;
				SDKROOT = /Developer/SDKs/MacOSX10.2.8.sdk;
			};
			buildStyles = (
				4A9504CCFFE6A4B311CA0CBA,
				4A9504CDFFE6A4B311CA0CBA,
				F5B7584A024DAEFD0100010D,
			);
			hasScannedForEncodings = 1;
			isa = PBXProject;
			mainGroup = 29B97314FDCFA39411CA2CEA;
			projectDirPath = "";
			targets = (
				9284897106611CE5003B3514,
				928489B506611CE6003B3514,
				928489D506611CE6003B3514,
				928489C506611CE6003B3514,
				928489F406611CE6003B3514,
				928489E606611CE6003B3514,
				01CB07E5071A1F2B00710BCF,
				01453D49071B6F2D00BCEC7C,
			);
		};
		29B97314FDCFA39411CA2CEA = {
			children = (
				080E96DDFE201D6D7F000001,
				F5EE25FD03901F9D01705684,
				29B97323FDCFA39411CA2CEA,
				92F00CC907C1AA31004F6D06,
				19C28FACFE9D520D11CA2CBB,
				F54D1108020F41F001000116,
			);
			isa = PBXGroup;
			name = MacOSaiX;
			path = "";
			refType = 4;
			sourceTree = "<group>";
		};
		29B97316FDCFA39411CA2CEA = {
			fileEncoding = 30;
			isa = PBXFileReference;
			lastKnownFileType = sourcecode.c.objc;
			name = main.m;
			path = MacOSaiX/main.m;
			refType = 4;
			sourceTree = "<group>";
		};
		29B97323FDCFA39411CA2CEA = {
			children = (
				F514D53C0390266E01B25AF1,
				29B97324FDCFA39411CA2CEA,
				29B97325FDCFA39411CA2CEA,
				F599E5560266AAD101000103,
				926CE4E903E7627700C7E70E,
				92F2B1EC048027FA0000011E,
			);
			isa = PBXGroup;
			name = Frameworks;
			path = "";
			refType = 4;
			sourceTree = "<group>";
		};
		29B97324FDCFA39411CA2CEA = {
			isa = PBXFileReference;
			lastKnownFileType = wrapper.framework;
			name = AppKit.framework;
			path = /System/Library/Frameworks/AppKit.framework;
			refType = 0;
			sourceTree = "<absolute>";
		};
		29B97325FDCFA39411CA2CEA = {
			isa = PBXFileReference;
			lastKnownFileType = wrapper.framework;
			name = Foundation.framework;
			path = /System/Library/Frameworks/Foundation.framework;
			refType = 0;
			sourceTree = "<absolute>";
		};
//290
//291
//292
//293
//294
//4A0
//4A1
//4A2
//4A3
//4A4
		4A9504CCFFE6A4B311CA0CBA = {
			buildSettings = {
				COPY_PHASE_STRIP = NO;
				GCC_DYNAMIC_NO_PIC = NO;
				GCC_ENABLE_FIX_AND_CONTINUE = YES;
				GCC_GENERATE_DEBUGGING_SYMBOLS = YES;
				GCC_OPTIMIZATION_LEVEL = 0;
				ZERO_LINK = YES;
			};
			isa = PBXBuildStyle;
			name = Development;
		};
		4A9504CDFFE6A4B311CA0CBA = {
			buildSettings = {
				COPY_PHASE_STRIP = YES;
				GCC_ENABLE_FIX_AND_CONTINUE = NO;
				GCC_GENERATE_DEBUGGING_SYMBOLS = NO;
				ZERO_LINK = NO;
			};
			isa = PBXBuildStyle;
			name = Deployment;
		};
//4A0
//4A1
//4A2
//4A3
//4A4
//920
//921
//922
//923
//924
		9227FD5907E378AC0020C5F4 = {
			containerPortal = 29B97313FDCFA39411CA2CEA;
			isa = PBXContainerItemProxy;
			proxyType = 1;
			remoteGlobalIDString = 01CB07E5071A1F2B00710BCF;
			remoteInfo = "Hexagonal Tiles Plug-in";
		};
		9227FD5A07E378AC0020C5F4 = {
			isa = PBXTargetDependency;
			target = 01CB07E5071A1F2B00710BCF;
			targetProxy = 9227FD5907E378AC0020C5F4;
		};
		9227FD5F07E378CC0020C5F4 = {
			fileRef = 01CB07E6071A1F2B00710BCF;
			isa = PBXBuildFile;
			settings = {
			};
		};
		9227FD6D07E37A240020C5F4 = {
			fileEncoding = 30;
			isa = PBXFileReference;
			lastKnownFileType = sourcecode.c.h;
			name = HexagonalTileShapes.h;
			path = "Standard Plugins/Hexaganol Tiles Setup/HexagonalTileShapes.h";
			refType = 4;
			sourceTree = "<group>";
		};
		9227FD6E07E37A240020C5F4 = {
			fileEncoding = 30;
			isa = PBXFileReference;
			lastKnownFileType = sourcecode.c.objc;
			name = HexagonalTileShapes.m;
			path = "Standard Plugins/Hexaganol Tiles Setup/HexagonalTileShapes.m";
			refType = 4;
			sourceTree = "<group>";
		};
		9227FD6F07E37A240020C5F4 = {
			fileEncoding = 30;
			isa = PBXFileReference;
			lastKnownFileType = sourcecode.c.h;
			name = HexagonalTileShapesEditor.h;
			path = "Standard Plugins/Hexaganol Tiles Setup/HexagonalTileShapesEditor.h";
			refType = 4;
			sourceTree = "<group>";
		};
		9227FD7007E37A240020C5F4 = {
			fileEncoding = 30;
			isa = PBXFileReference;
			lastKnownFileType = sourcecode.c.objc;
			name = HexagonalTileShapesEditor.m;
			path = "Standard Plugins/Hexaganol Tiles Setup/HexagonalTileShapesEditor.m";
			refType = 4;
			sourceTree = "<group>";
		};
		9227FD7107E37A240020C5F4 = {
			fileRef = 9227FD6D07E37A240020C5F4;
			isa = PBXBuildFile;
			settings = {
			};
		};
		9227FD7207E37A240020C5F4 = {
			fileRef = 9227FD6E07E37A240020C5F4;
			isa = PBXBuildFile;
			settings = {
			};
		};
		9227FD7307E37A240020C5F4 = {
			fileRef = 9227FD6F07E37A240020C5F4;
			isa = PBXBuildFile;
			settings = {
			};
		};
		9227FD7407E37A240020C5F4 = {
			fileRef = 9227FD7007E37A240020C5F4;
			isa = PBXBuildFile;
			settings = {
			};
		};
		9227FD7907E37A340020C5F4 = {
			children = (
				9227FD7A07E37A340020C5F4,
			);
			isa = PBXVariantGroup;
			name = HexagonalTileShapes.nib;
			path = "";
			refType = 4;
			sourceTree = "<group>";
		};
		9227FD7A07E37A340020C5F4 = {
			isa = PBXFileReference;
			lastKnownFileType = wrapper.nib;
			name = English;
			path = "Standard Plugins/Hexaganol Tiles Setup/English.lproj/HexagonalTileShapes.nib";
			refType = 4;
			sourceTree = "<group>";
		};
		9227FD7B07E37A340020C5F4 = {
			fileRef = 9227FD7907E37A340020C5F4;
			isa = PBXBuildFile;
			settings = {
			};
		};
		923384DB072180700010BE04 = {
			fileEncoding = 30;
			isa = PBXFileReference;
			lastKnownFileType = sourcecode.c.h;
			name = MacOSaiXImageSource.h;
			path = MacOSaiX/MacOSaiXImageSource.h;
			refType = 4;
			sourceTree = "<group>";
		};
		923384DC072180700010BE04 = {
			fileRef = 923384DB072180700010BE04;
			isa = PBXBuildFile;
			settings = {
			};
		};
		923384DD072180700010BE04 = {
			fileRef = 923384DB072180700010BE04;
			isa = PBXBuildFile;
			settings = {
			};
		};
		926CE4E903E7627700C7E70E = {
			isa = PBXFileReference;
			lastKnownFileType = wrapper.framework;
			name = MacOSaiXPlugins.framework;
			path = build/MacOSaiXPlugins.framework;
			refType = 2;
			sourceTree = SOURCE_ROOT;
		};
		927FA75B03FA35EE000A0D3F = {
			children = (
				9287C153075A5F55004C07EF,
				9287C154075A5F55004C07EF,
				92902AEEC5B082BD00F96641,
				92902AEFC5B082BD00F96641,
				928F72930661226000873AE2,
				928F72E80661237300873AE2,
			);
			isa = PBXGroup;
			name = Rectangular;
			path = "";
			refType = 4;
			sourceTree = "<group>";
		};
		927FA75C03FA3607000A0D3F = {
			children = (
				F5407219023FE6860100010A,
				F540721A023FE6860100010A,
				92B45F70041A9DF1006867F5,
				92B45F71041A9DF1006867F5,
				928F72990661226000873AE2,
				928F72D80661230700873AE2,
			);
			isa = PBXGroup;
			name = Directory;
			path = "";
			refType = 4;
			sourceTree = "<group>";
		};
		927FA75D03FA3614000A0D3F = {
			children = (
				F540721D023FE6E00100010A,
				F540721E023FE6E00100010A,
				F514D5A203949AA801B25AF1,
				F514D5A303949AA801B25AF1,
				F580657F02456D1901000104,
				928F72910661226000873AE2,
				928F72E00661234700873AE2,
			);
			isa = PBXGroup;
			name = Google;
			path = "";
			refType = 4;
			sourceTree = "<group>";
		};
		927FA75E03FA3621000A0D3F = {
			children = (
				F57C77AC025D0CFF01000102,
				F57C77AD025D0CFF01000102,
				F54EF786025F976A01000103,
				92B45F74041A9E78006867F5,
				92B45F75041A9E78006867F5,
				928F728F0661226000873AE2,
				928F72DC0661231B00873AE2,
			);
			isa = PBXGroup;
			name = Glyph;
			path = "";
			refType = 4;
			sourceTree = "<group>";
		};
		9284897106611CE5003B3514 = {
			buildPhases = (
				9284898106611CE5003B3514,
				9284898A06611CE5003B3514,
				9284899406611CE5003B3514,
				9284899E06611CE5003B3514,
				9284897B06611CE5003B3514,
			);
			buildRules = (
			);
			buildSettings = {
				FRAMEWORK_SEARCH_PATHS = "\"$(SYSTEM_LIBRARY_DIR)/Frameworks/Carbon.framework/Versions/A/Frameworks\" \"$(BUILT_PRODUCTS_DIR)\" /Users/frank/Development/MacOSaiX/build";
				GCC_OPTIMIZATION_LEVEL = 0;
				HEADER_SEARCH_PATHS = "";
				INFOPLIST_FILE = MacOSaiX/Info.plist;
				INSTALL_PATH = "$(HOME)/Applications";
				LIBRARY_SEARCH_PATHS = "";
				OTHER_CFLAGS = "";
				OTHER_LDFLAGS = "";
				PRODUCT_NAME = MacOSaiX;
				SECTORDER_FLAGS = "";
				WARNING_CFLAGS = "-Wmost -Wno-four-char-constants -Wno-unknown-pragmas";
				WRAPPER_EXTENSION = app;
			};
			dependencies = (
				92848A0C06611CE6003B3514,
				92848A0806611CE6003B3514,
				928654A6072AC64400EFC32A,
				928656FF0734508200EFC32A,
				9227FD5A07E378AC0020C5F4,
			);
			isa = PBXNativeTarget;
			name = MacOSaiX.app;
			productInstallPath = "$(HOME)/Applications";
			productName = MacOSaiX;
			productReference = 928489A306611CE6003B3514;
			productType = "com.apple.product-type.application";
		};
		9284897B06611CE5003B3514 = {
			buildActionMask = 2147483647;
			dstPath = "";
			dstSubfolderSpec = 13;
			files = (
				92848A1A06611CE6003B3514,
				9227FD5F07E378CC0020C5F4,
				92848A1706611CE6003B3514,
				928656FD0734507600EFC32A,
				92865510072ADBD400EFC32A,
			);
			isa = PBXCopyFilesBuildPhase;
			runOnlyForDeploymentPostprocessing = 0;
		};
		9284898106611CE5003B3514 = {
			buildActionMask = 2147483647;
			files = (
				9284898206611CE5003B3514,
				9284898306611CE5003B3514,
				9284898406611CE5003B3514,
				9284898506611CE5003B3514,
				9284898706611CE5003B3514,
				923384DD072180700010BE04,
				9289DDA7073D713100C88091,
				9289DDA9073D713100C88091,
				01BBDECD0747081400F17A9F,
				9287C13B075A5CC6004C07EF,
				92F00CCE07C1AA55004F6D06,
				92F00CE407C1B1D0004F6D06,
				01AB92EB07DB797300DB4B86,
			);
			isa = PBXHeadersBuildPhase;
			runOnlyForDeploymentPostprocessing = 0;
		};
		9284898206611CE5003B3514 = {
			fileRef = F5666CC9C5B062B401D943E0;
			isa = PBXBuildFile;
			settings = {
				ATTRIBUTES = (
				);
			};
		};
		9284898306611CE5003B3514 = {
			fileRef = F566B485028052CF01000108;
			isa = PBXBuildFile;
			settings = {
				ATTRIBUTES = (
				);
			};
		};
		9284898406611CE5003B3514 = {
			fileRef = 00E5856E005F0FA87F000001;
			isa = PBXBuildFile;
			settings = {
				ATTRIBUTES = (
				);
			};
		};
		9284898506611CE5003B3514 = {
			fileRef = 00EAAC6000853DFB7F000001;
			isa = PBXBuildFile;
			settings = {
				ATTRIBUTES = (
				);
			};
		};
		9284898706611CE5003B3514 = {
			fileRef = F5517EEE020CD88F01000106;
			isa = PBXBuildFile;
			settings = {
				ATTRIBUTES = (
				);
			};
		};
		9284898A06611CE5003B3514 = {
			buildActionMask = 2147483647;
			files = (
				9284898B06611CE5003B3514,
				9284898C06611CE5003B3514,
				9284898D06611CE5003B3514,
				9284898E06611CE5003B3514,
				9284898F06611CE5003B3514,
				9284899006611CE5003B3514,
				9284899106611CE5003B3514,
				9284899206611CE5003B3514,
				9284899306611CE5003B3514,
				92951FE5068A7FD500366ACB,
				92951FE8068A7FD900366ACB,
				92951FEA068A7FDC00366ACB,
				92951FF1068A7FE600366ACB,
				92951FF9068A7FE900366ACB,
				92BFFEC3079A2DD50052CC4C,
				01AC3A3C07B0997C0025F915,
				92F00D0807C1B52B004F6D06,
				0127354307CD6EBB0053037A,
			);
			isa = PBXResourcesBuildPhase;
			runOnlyForDeploymentPostprocessing = 0;
		};
		9284898B06611CE5003B3514 = {
			fileRef = F594095502469B3101000104;
			isa = PBXBuildFile;
			settings = {
			};
		};
		9284898C06611CE5003B3514 = {
			fileRef = F5940957024722BA01000104;
			isa = PBXBuildFile;
			settings = {
			};
		};
		9284898D06611CE5003B3514 = {
			fileRef = F594095B02472CFD01000104;
			isa = PBXBuildFile;
			settings = {
			};
		};
		9284898E06611CE5003B3514 = {
			fileRef = F54167D0024C46CE0100010B;
			isa = PBXBuildFile;
			settings = {
			};
		};
		9284898F06611CE5003B3514 = {
			fileRef = F528CBCA0274A44201E37B2D;
			isa = PBXBuildFile;
			settings = {
			};
		};
		9284899006611CE5003B3514 = {
			fileRef = F558F295027DBB8D01000103;
			isa = PBXBuildFile;
			settings = {
			};
		};
		9284899106611CE5003B3514 = {
			fileRef = F558F297027DBF1B01000103;
			isa = PBXBuildFile;
			settings = {
			};
		};
		9284899206611CE5003B3514 = {
			fileRef = F58E0883028C71BF016CFBE9;
			isa = PBXBuildFile;
			settings = {
			};
		};
		9284899306611CE5003B3514 = {
			fileRef = F58E0885028C767C016CFBE9;
			isa = PBXBuildFile;
			settings = {
			};
		};
		9284899406611CE5003B3514 = {
			buildActionMask = 2147483647;
			files = (
				9284899506611CE5003B3514,
				9284899606611CE5003B3514,
				9284899706611CE5003B3514,
				9284899806611CE5003B3514,
				9284899906611CE5003B3514,
				9284899B06611CE5003B3514,
				9289DDA8073D713100C88091,
				9289DDAA073D713100C88091,
				01BBDECE0747081400F17A9F,
				92F00CCF07C1AA55004F6D06,
				92F00CE507C1B1D0004F6D06,
				01AB92EC07DB797300DB4B86,
			);
			isa = PBXSourcesBuildPhase;
			runOnlyForDeploymentPostprocessing = 0;
		};
		9284899506611CE5003B3514 = {
			fileRef = 29B97316FDCFA39411CA2CEA;
			isa = PBXBuildFile;
			settings = {
				ATTRIBUTES = (
				);
			};
		};
		9284899606611CE5003B3514 = {
			fileRef = F5666CCAC5B062B401D943E0;
			isa = PBXBuildFile;
			settings = {
			};
		};
		9284899706611CE5003B3514 = {
			fileRef = F566B486028052CF01000108;
			isa = PBXBuildFile;
			settings = {
			};
		};
		9284899806611CE5003B3514 = {
			fileRef = 00E5856D005F0FA87F000001;
			isa = PBXBuildFile;
			settings = {
			};
		};
		9284899906611CE5003B3514 = {
			fileRef = 00EAAC6100853DFB7F000001;
			isa = PBXBuildFile;
			settings = {
			};
		};
		9284899B06611CE5003B3514 = {
			fileRef = F5517EEF020CD88F01000106;
			isa = PBXBuildFile;
			settings = {
			};
		};
		9284899E06611CE5003B3514 = {
			buildActionMask = 2147483647;
			files = (
				9284899F06611CE5003B3514,
			);
			isa = PBXFrameworksBuildPhase;
			runOnlyForDeploymentPostprocessing = 0;
		};
		9284899F06611CE5003B3514 = {
			fileRef = F514D53C0390266E01B25AF1;
			isa = PBXBuildFile;
			settings = {
			};
		};
		928489A306611CE6003B3514 = {
			explicitFileType = wrapper.application;
			includeInIndex = 0;
			isa = PBXFileReference;
			path = MacOSaiX.app;
			refType = 3;
			sourceTree = BUILT_PRODUCTS_DIR;
		};
		928489B506611CE6003B3514 = {
			buildPhases = (
				928489B706611CE6003B3514,
				928489BA06611CE6003B3514,
				928489BC06611CE6003B3514,
				928489BF06611CE6003B3514,
			);
			buildRules = (
			);
			buildSettings = {
				GCC_OPTIMIZATION_LEVEL = 0;
				INFOPLIST_FILE = "Standard Plugins/Directory Image Source/Info.plist";
				OTHER_CFLAGS = "";
				OTHER_LDFLAGS = "";
				OTHER_REZFLAGS = "";
				PRODUCT_NAME = "Directory Image Source";
				SECTORDER_FLAGS = "";
				WARNING_CFLAGS = "-Wmost -Wno-four-char-constants -Wno-unknown-pragmas";
				WRAPPER_EXTENSION = plugin;
			};
			dependencies = (
			);
			isa = PBXNativeTarget;
			name = "Directory Image Source Plug-In";
			productInstallPath = "$(USER_LIBRARY_DIR)/Bundles";
			productName = "Directory Image Source";
			productReference = 928489C406611CE6003B3514;
			productType = "com.apple.product-type.bundle";
		};
		928489B706611CE6003B3514 = {
			buildActionMask = 2147483647;
			files = (
				928489B806611CE6003B3514,
				928489B906611CE6003B3514,
				923384DC072180700010BE04,
			);
			isa = PBXHeadersBuildPhase;
			runOnlyForDeploymentPostprocessing = 0;
		};
		928489B806611CE6003B3514 = {
			fileRef = F5407219023FE6860100010A;
			isa = PBXBuildFile;
			settings = {
			};
		};
		928489B906611CE6003B3514 = {
			fileRef = 92B45F70041A9DF1006867F5;
			isa = PBXBuildFile;
			settings = {
			};
		};
		928489BA06611CE6003B3514 = {
			buildActionMask = 2147483647;
			files = (
				928F72A00661226000873AE2,
				928F72D90661230700873AE2,
			);
			isa = PBXResourcesBuildPhase;
			runOnlyForDeploymentPostprocessing = 0;
		};
		928489BC06611CE6003B3514 = {
			buildActionMask = 2147483647;
			files = (
				928489BD06611CE6003B3514,
				928489BE06611CE6003B3514,
			);
			isa = PBXSourcesBuildPhase;
			runOnlyForDeploymentPostprocessing = 0;
		};
		928489BD06611CE6003B3514 = {
			fileRef = F540721A023FE6860100010A;
			isa = PBXBuildFile;
			settings = {
			};
		};
		928489BE06611CE6003B3514 = {
			fileRef = 92B45F71041A9DF1006867F5;
			isa = PBXBuildFile;
			settings = {
			};
		};
		928489BF06611CE6003B3514 = {
			buildActionMask = 2147483647;
			files = (
				928489C006611CE6003B3514,
			);
			isa = PBXFrameworksBuildPhase;
			runOnlyForDeploymentPostprocessing = 0;
		};
		928489C006611CE6003B3514 = {
			fileRef = F514D53C0390266E01B25AF1;
			isa = PBXBuildFile;
			settings = {
			};
		};
		928489C406611CE6003B3514 = {
			explicitFileType = wrapper.cfbundle;
			includeInIndex = 0;
			isa = PBXFileReference;
			path = "Directory Image Source.plugin";
			refType = 3;
			sourceTree = BUILT_PRODUCTS_DIR;
		};
		928489C506611CE6003B3514 = {
			buildPhases = (
				928489C706611CE6003B3514,
				928489CA06611CE6003B3514,
				928489CC06611CE6003B3514,
				928489CF06611CE6003B3514,
			);
			buildRules = (
			);
			buildSettings = {
				GCC_OPTIMIZATION_LEVEL = 0;
				INFOPLIST_FILE = "Standard Plugins/Google Image Source/Info.plist";
				OTHER_CFLAGS = "";
				OTHER_LDFLAGS = "";
				OTHER_REZFLAGS = "";
				PRODUCT_NAME = "Google Image Source";
				SECTORDER_FLAGS = "";
				WARNING_CFLAGS = "-Wmost -Wno-four-char-constants -Wno-unknown-pragmas";
				WRAPPER_EXTENSION = plugin;
			};
			dependencies = (
			);
			isa = PBXNativeTarget;
			name = "Google Image Source Plug-In";
			productInstallPath = "$(USER_LIBRARY_DIR)/Bundles";
			productName = "Directory Image Source";
			productReference = 928489D406611CE6003B3514;
			productType = "com.apple.product-type.bundle";
		};
		928489C706611CE6003B3514 = {
			buildActionMask = 2147483647;
			files = (
				928489C806611CE6003B3514,
				928489C906611CE6003B3514,
				9286575A0734584600EFC32A,
			);
			isa = PBXHeadersBuildPhase;
			runOnlyForDeploymentPostprocessing = 0;
		};
		928489C806611CE6003B3514 = {
			fileRef = F540721D023FE6E00100010A;
			isa = PBXBuildFile;
			settings = {
			};
		};
		928489C906611CE6003B3514 = {
			fileRef = F514D5A203949AA801B25AF1;
			isa = PBXBuildFile;
			settings = {
			};
		};
		928489CA06611CE6003B3514 = {
			buildActionMask = 2147483647;
			files = (
				928F72B90661229700873AE2,
				928F72C00661229F00873AE2,
				928F72E10661234700873AE2,
			);
			isa = PBXResourcesBuildPhase;
			runOnlyForDeploymentPostprocessing = 0;
		};
		928489CC06611CE6003B3514 = {
			buildActionMask = 2147483647;
			files = (
				928489CD06611CE6003B3514,
				928489CE06611CE6003B3514,
			);
			isa = PBXSourcesBuildPhase;
			runOnlyForDeploymentPostprocessing = 0;
		};
		928489CD06611CE6003B3514 = {
			fileRef = F540721E023FE6E00100010A;
			isa = PBXBuildFile;
			settings = {
			};
		};
		928489CE06611CE6003B3514 = {
			fileRef = F514D5A303949AA801B25AF1;
			isa = PBXBuildFile;
			settings = {
			};
		};
		928489CF06611CE6003B3514 = {
			buildActionMask = 2147483647;
			files = (
				928489D006611CE6003B3514,
			);
			isa = PBXFrameworksBuildPhase;
			runOnlyForDeploymentPostprocessing = 0;
		};
		928489D006611CE6003B3514 = {
			fileRef = F514D53C0390266E01B25AF1;
			isa = PBXBuildFile;
			settings = {
			};
		};
		928489D406611CE6003B3514 = {
			explicitFileType = wrapper.cfbundle;
			includeInIndex = 0;
			isa = PBXFileReference;
			path = "Google Image Source.plugin";
			refType = 3;
			sourceTree = BUILT_PRODUCTS_DIR;
		};
		928489D506611CE6003B3514 = {
			buildPhases = (
				928489D706611CE6003B3514,
				928489DA06611CE6003B3514,
				928489DC06611CE6003B3514,
				928489DF06611CE6003B3514,
				928489E206611CE6003B3514,
			);
			buildRules = (
			);
			buildSettings = {
				GCC_OPTIMIZATION_LEVEL = 0;
				INFOPLIST_FILE = "Standard Plugins/Glyph Image Source/Info.plist";
				OTHER_CFLAGS = "";
				OTHER_LDFLAGS = "";
				OTHER_REZFLAGS = "";
				PRODUCT_NAME = "Glyph Image Source";
				SECTORDER_FLAGS = "";
				WARNING_CFLAGS = "-Wmost -Wno-four-char-constants -Wno-unknown-pragmas";
				WRAPPER_EXTENSION = plugin;
			};
			dependencies = (
			);
			isa = PBXNativeTarget;
			name = "Glyph Image Source Plug-In";
			productInstallPath = "$(USER_LIBRARY_DIR)/Bundles";
			productName = "Directory Image Source";
			productReference = 928489E506611CE6003B3514;
			productType = "com.apple.product-type.bundle";
		};
		928489D706611CE6003B3514 = {
			buildActionMask = 2147483647;
			files = (
				928489D806611CE6003B3514,
				928489D906611CE6003B3514,
			);
			isa = PBXHeadersBuildPhase;
			runOnlyForDeploymentPostprocessing = 0;
		};
		928489D806611CE6003B3514 = {
			fileRef = F57C77AC025D0CFF01000102;
			isa = PBXBuildFile;
			settings = {
			};
		};
		928489D906611CE6003B3514 = {
			fileRef = 92B45F74041A9E78006867F5;
			isa = PBXBuildFile;
			settings = {
			};
		};
		928489DA06611CE6003B3514 = {
			buildActionMask = 2147483647;
			files = (
				928F72CB066122CC00873AE2,
				928F72CD066122CD00873AE2,
				928F72DD0661231B00873AE2,
			);
			isa = PBXResourcesBuildPhase;
			runOnlyForDeploymentPostprocessing = 0;
		};
		928489DC06611CE6003B3514 = {
			buildActionMask = 2147483647;
			files = (
				928489DD06611CE6003B3514,
				928489DE06611CE6003B3514,
			);
			isa = PBXSourcesBuildPhase;
			runOnlyForDeploymentPostprocessing = 0;
		};
		928489DD06611CE6003B3514 = {
			fileRef = F57C77AD025D0CFF01000102;
			isa = PBXBuildFile;
			settings = {
			};
		};
		928489DE06611CE6003B3514 = {
			fileRef = 92B45F75041A9E78006867F5;
			isa = PBXBuildFile;
			settings = {
			};
		};
		928489DF06611CE6003B3514 = {
			buildActionMask = 2147483647;
			files = (
				928489E006611CE6003B3514,
			);
			isa = PBXFrameworksBuildPhase;
			runOnlyForDeploymentPostprocessing = 0;
		};
		928489E006611CE6003B3514 = {
			fileRef = F514D53C0390266E01B25AF1;
			isa = PBXBuildFile;
			settings = {
			};
		};
		928489E206611CE6003B3514 = {
			buildActionMask = 2147483647;
			files = (
			);
			isa = PBXRezBuildPhase;
			runOnlyForDeploymentPostprocessing = 0;
		};
		928489E506611CE6003B3514 = {
			explicitFileType = wrapper.cfbundle;
			includeInIndex = 0;
			isa = PBXFileReference;
			path = "Glyph Image Source.plugin";
			refType = 3;
			sourceTree = BUILT_PRODUCTS_DIR;
		};
		928489E606611CE6003B3514 = {
			buildPhases = (
				928489E806611CE6003B3514,
				928489EA06611CE6003B3514,
				928489EC06611CE6003B3514,
				928489EE06611CE6003B3514,
			);
			buildRules = (
			);
			buildSettings = {
				FRAMEWORK_SEARCH_PATHS = "$(BUILT_PRODUCTS_DIR)";
				INFOPLIST_FILE = "Standard Plugins/Rectangular Tiles Setup/Info.plist";
				OTHER_CFLAGS = "";
				OTHER_LDFLAGS = "";
				OTHER_REZFLAGS = "";
				PRODUCT_NAME = "Rectangular Tiles";
				SECTORDER_FLAGS = "";
				WARNING_CFLAGS = "-Wmost -Wno-four-char-constants -Wno-unknown-pragmas";
				WRAPPER_EXTENSION = plugin;
			};
			dependencies = (
			);
			isa = PBXNativeTarget;
			name = "Rectangular Tiles Plug-In";
			productInstallPath = "$(USER_LIBRARY_DIR)/Bundles";
			productName = RectangularTiles.plugin;
			productReference = 928489F306611CE6003B3514;
			productType = "com.apple.product-type.bundle";
		};
		928489E806611CE6003B3514 = {
			buildActionMask = 2147483647;
			files = (
				928489E906611CE6003B3514,
				9287C13C075A5CC6004C07EF,
				9287C155075A5F55004C07EF,
			);
			isa = PBXHeadersBuildPhase;
			runOnlyForDeploymentPostprocessing = 0;
		};
		928489E906611CE6003B3514 = {
			fileRef = 92902AEEC5B082BD00F96641;
			isa = PBXBuildFile;
			settings = {
			};
		};
		928489EA06611CE6003B3514 = {
			buildActionMask = 2147483647;
			files = (
				928F72D3066122D300873AE2,
				928F72E90661237300873AE2,
			);
			isa = PBXResourcesBuildPhase;
			runOnlyForDeploymentPostprocessing = 0;
		};
		928489EC06611CE6003B3514 = {
			buildActionMask = 2147483647;
			files = (
				928489ED06611CE6003B3514,
				9287C156075A5F55004C07EF,
			);
			isa = PBXSourcesBuildPhase;
			runOnlyForDeploymentPostprocessing = 0;
		};
		928489ED06611CE6003B3514 = {
			fileRef = 92902AEFC5B082BD00F96641;
			isa = PBXBuildFile;
			settings = {
			};
		};
		928489EE06611CE6003B3514 = {
			buildActionMask = 2147483647;
			files = (
				928489F006611CE6003B3514,
			);
			isa = PBXFrameworksBuildPhase;
			runOnlyForDeploymentPostprocessing = 0;
		};
		928489F006611CE6003B3514 = {
			fileRef = F514D53C0390266E01B25AF1;
			isa = PBXBuildFile;
			settings = {
			};
		};
		928489F306611CE6003B3514 = {
			explicitFileType = wrapper.cfbundle;
			includeInIndex = 0;
			isa = PBXFileReference;
			path = "Rectangular Tiles.plugin";
			refType = 3;
			sourceTree = BUILT_PRODUCTS_DIR;
		};
		928489F406611CE6003B3514 = {
			buildPhases = (
				928489F606611CE6003B3514,
				928489F906611CE6003B3514,
				928489FB06611CE6003B3514,
				928489FE06611CE6003B3514,
			);
			buildRules = (
			);
			buildSettings = {
				GCC_OPTIMIZATION_LEVEL = 0;
				INFOPLIST_FILE = "Standard Plugins/QuickTime Image Source/Info.plist";
				OTHER_CFLAGS = "";
				OTHER_LDFLAGS = "";
				OTHER_REZFLAGS = "";
				PRODUCT_NAME = "QuickTime Image Source";
				SECTORDER_FLAGS = "";
				WARNING_CFLAGS = "-Wmost -Wno-four-char-constants -Wno-unknown-pragmas";
				WRAPPER_EXTENSION = plugin;
			};
			dependencies = (
			);
			isa = PBXNativeTarget;
			name = "QuickTime Image Source Plug-In";
			productInstallPath = "$(USER_LIBRARY_DIR)/Bundles";
			productName = "Directory Image Source";
			productReference = 92848A0406611CE6003B3514;
			productType = "com.apple.product-type.bundle";
		};
		928489F606611CE6003B3514 = {
			buildActionMask = 2147483647;
			files = (
				928489F706611CE6003B3514,
				928489F806611CE6003B3514,
				928654D7072AD54200EFC32A,
			);
			isa = PBXHeadersBuildPhase;
			runOnlyForDeploymentPostprocessing = 0;
		};
		928489F706611CE6003B3514 = {
			fileRef = 92F2B1D3048027510000011E;
			isa = PBXBuildFile;
			settings = {
			};
		};
		928489F806611CE6003B3514 = {
			fileRef = 92F2B1D5048027510000011E;
			isa = PBXBuildFile;
			settings = {
			};
		};
		928489F906611CE6003B3514 = {
			buildActionMask = 2147483647;
			files = (
				928F72D5066122D800873AE2,
				928F72E50661235B00873AE2,
			);
			isa = PBXResourcesBuildPhase;
			runOnlyForDeploymentPostprocessing = 0;
		};
		928489FB06611CE6003B3514 = {
			buildActionMask = 2147483647;
			files = (
				928489FC06611CE6003B3514,
				928489FD06611CE6003B3514,
			);
			isa = PBXSourcesBuildPhase;
			runOnlyForDeploymentPostprocessing = 0;
		};
		928489FC06611CE6003B3514 = {
			fileRef = 92F2B1D4048027510000011E;
			isa = PBXBuildFile;
			settings = {
			};
		};
		928489FD06611CE6003B3514 = {
			fileRef = 92F2B1D6048027510000011E;
			isa = PBXBuildFile;
			settings = {
			};
		};
		928489FE06611CE6003B3514 = {
			buildActionMask = 2147483647;
			files = (
				928489FF06611CE6003B3514,
				92848A0106611CE6003B3514,
			);
			isa = PBXFrameworksBuildPhase;
			runOnlyForDeploymentPostprocessing = 0;
		};
		928489FF06611CE6003B3514 = {
			fileRef = F514D53C0390266E01B25AF1;
			isa = PBXBuildFile;
			settings = {
			};
		};
		92848A0106611CE6003B3514 = {
			fileRef = 92F2B1EC048027FA0000011E;
			isa = PBXBuildFile;
			settings = {
			};
		};
		92848A0406611CE6003B3514 = {
			explicitFileType = wrapper.cfbundle;
			includeInIndex = 0;
			isa = PBXFileReference;
			path = "QuickTime Image Source.plugin";
			refType = 3;
			sourceTree = BUILT_PRODUCTS_DIR;
		};
		92848A0706611CE6003B3514 = {
			containerPortal = 29B97313FDCFA39411CA2CEA;
			isa = PBXContainerItemProxy;
			proxyType = 1;
			remoteGlobalIDString = 928489B506611CE6003B3514;
			remoteInfo = "Directory Image Source Plug-In (Upgraded)";
		};
		92848A0806611CE6003B3514 = {
			isa = PBXTargetDependency;
			target = 928489B506611CE6003B3514;
			targetProxy = 92848A0706611CE6003B3514;
		};
		92848A0B06611CE6003B3514 = {
			containerPortal = 29B97313FDCFA39411CA2CEA;
			isa = PBXContainerItemProxy;
			proxyType = 1;
			remoteGlobalIDString = 928489E606611CE6003B3514;
			remoteInfo = "Rectangular Tiles Plug-In (Upgraded)";
		};
		92848A0C06611CE6003B3514 = {
			isa = PBXTargetDependency;
			target = 928489E606611CE6003B3514;
			targetProxy = 92848A0B06611CE6003B3514;
		};
		92848A1706611CE6003B3514 = {
			fileRef = 928489C406611CE6003B3514;
			isa = PBXBuildFile;
			settings = {
			};
		};
		92848A1A06611CE6003B3514 = {
			fileRef = 928489F306611CE6003B3514;
			isa = PBXBuildFile;
			settings = {
			};
		};
		928654A5072AC64400EFC32A = {
			containerPortal = 29B97313FDCFA39411CA2CEA;
			isa = PBXContainerItemProxy;
			proxyType = 1;
			remoteGlobalIDString = 928489F406611CE6003B3514;
			remoteInfo = "QuickTime Image Source Plug-In";
		};
		928654A6072AC64400EFC32A = {
			isa = PBXTargetDependency;
			target = 928489F406611CE6003B3514;
			targetProxy = 928654A5072AC64400EFC32A;
		};
		928654D7072AD54200EFC32A = {
			fileRef = 923384DB072180700010BE04;
			isa = PBXBuildFile;
			settings = {
			};
		};
		92865510072ADBD400EFC32A = {
			fileRef = 92848A0406611CE6003B3514;
			isa = PBXBuildFile;
			settings = {
			};
		};
		928656FD0734507600EFC32A = {
			fileRef = 928489D406611CE6003B3514;
			isa = PBXBuildFile;
			settings = {
			};
		};
		928656FE0734508200EFC32A = {
			containerPortal = 29B97313FDCFA39411CA2CEA;
			isa = PBXContainerItemProxy;
			proxyType = 1;
			remoteGlobalIDString = 928489C506611CE6003B3514;
			remoteInfo = "Google Image Source Plug-In";
		};
		928656FF0734508200EFC32A = {
			isa = PBXTargetDependency;
			target = 928489C506611CE6003B3514;
			targetProxy = 928656FE0734508200EFC32A;
		};
		9286575A0734584600EFC32A = {
			fileRef = 923384DB072180700010BE04;
			isa = PBXBuildFile;
			settings = {
			};
		};
		9287C13A075A5CC6004C07EF = {
			fileEncoding = 30;
			isa = PBXFileReference;
			lastKnownFileType = sourcecode.c.h;
			name = MacOSaiXTileShapes.h;
			path = MacOSaiX/MacOSaiXTileShapes.h;
			refType = 4;
			sourceTree = "<group>";
		};
		9287C13B075A5CC6004C07EF = {
			fileRef = 9287C13A075A5CC6004C07EF;
			isa = PBXBuildFile;
			settings = {
			};
		};
		9287C13C075A5CC6004C07EF = {
			fileRef = 9287C13A075A5CC6004C07EF;
			isa = PBXBuildFile;
			settings = {
			};
		};
		9287C13D075A5CC6004C07EF = {
			fileRef = 9287C13A075A5CC6004C07EF;
			isa = PBXBuildFile;
			settings = {
			};
		};
		9287C13E075A5CC6004C07EF = {
			fileRef = 9287C13A075A5CC6004C07EF;
			isa = PBXBuildFile;
			settings = {
			};
		};
		9287C153075A5F55004C07EF = {
			fileEncoding = 30;
			isa = PBXFileReference;
			lastKnownFileType = sourcecode.c.h;
			name = RectangularTileShapes.h;
			path = "Standard Plugins/Rectangular Tiles Setup/RectangularTileShapes.h";
			refType = 4;
			sourceTree = "<group>";
		};
		9287C154075A5F55004C07EF = {
			fileEncoding = 30;
			isa = PBXFileReference;
			lastKnownFileType = sourcecode.c.objc;
			name = RectangularTileShapes.m;
			path = "Standard Plugins/Rectangular Tiles Setup/RectangularTileShapes.m";
			refType = 4;
			sourceTree = "<group>";
		};
		9287C155075A5F55004C07EF = {
			fileRef = 9287C153075A5F55004C07EF;
			isa = PBXBuildFile;
			settings = {
			};
		};
		9287C156075A5F55004C07EF = {
			fileRef = 9287C154075A5F55004C07EF;
			isa = PBXBuildFile;
			settings = {
			};
		};
		9289DDA3073D713100C88091 = {
			fileEncoding = 30;
			isa = PBXFileReference;
			lastKnownFileType = sourcecode.c.h;
			name = MacOSaiXImageCache.h;
			path = MacOSaiX/MacOSaiXImageCache.h;
			refType = 2;
			sourceTree = SOURCE_ROOT;
		};
		9289DDA4073D713100C88091 = {
			fileEncoding = 30;
			isa = PBXFileReference;
			lastKnownFileType = sourcecode.c.objc;
			name = MacOSaiXImageCache.m;
			path = MacOSaiX/MacOSaiXImageCache.m;
			refType = 2;
			sourceTree = SOURCE_ROOT;
		};
		9289DDA5073D713100C88091 = {
			fileEncoding = 30;
			isa = PBXFileReference;
			lastKnownFileType = sourcecode.c.h;
			name = MacOSaiXWindowController.h;
			path = MacOSaiX/MacOSaiXWindowController.h;
			refType = 2;
			sourceTree = SOURCE_ROOT;
		};
		9289DDA6073D713100C88091 = {
			fileEncoding = 30;
			isa = PBXFileReference;
			lastKnownFileType = sourcecode.c.objc;
			name = MacOSaiXWindowController.m;
			path = MacOSaiX/MacOSaiXWindowController.m;
			refType = 2;
			sourceTree = SOURCE_ROOT;
		};
		9289DDA7073D713100C88091 = {
			fileRef = 9289DDA3073D713100C88091;
			isa = PBXBuildFile;
			settings = {
			};
		};
		9289DDA8073D713100C88091 = {
			fileRef = 9289DDA4073D713100C88091;
			isa = PBXBuildFile;
			settings = {
			};
		};
		9289DDA9073D713100C88091 = {
			fileRef = 9289DDA5073D713100C88091;
			isa = PBXBuildFile;
			settings = {
			};
		};
		9289DDAA073D713100C88091 = {
			fileRef = 9289DDA6073D713100C88091;
			isa = PBXBuildFile;
			settings = {
			};
		};
		928F72460661211600873AE2 = {
			children = (
				928F725B066121A700873AE2,
				928F725D066121A700873AE2,
				928F725F066121A700873AE2,
				92F00D0607C1B52B004F6D06,
			);
			isa = PBXGroup;
			name = "Nib's";
			refType = 4;
			sourceTree = "<group>";
		};
		928F724A0661214000873AE2 = {
			fileEncoding = 30;
			isa = PBXFileReference;
			lastKnownFileType = text.xml;
			name = Info.plist;
			path = MacOSaiX/Info.plist;
			refType = 4;
			sourceTree = "<group>";
		};
		928F725B066121A700873AE2 = {
			children = (
				928F725C066121A700873AE2,
			);
			isa = PBXVariantGroup;
			name = MacOSaiXDocument.nib;
			path = "";
			refType = 4;
			sourceTree = "<group>";
		};
		928F725C066121A700873AE2 = {
			isa = PBXFileReference;
			lastKnownFileType = wrapper.nib;
			name = English;
			path = MacOSaiX/English.lproj/MacOSaiXDocument.nib;
			refType = 4;
			sourceTree = "<group>";
		};
		928F725D066121A700873AE2 = {
			children = (
				928F725E066121A700873AE2,
			);
			isa = PBXVariantGroup;
			name = MainMenu.nib;
			path = "";
			refType = 4;
			sourceTree = "<group>";
		};
		928F725E066121A700873AE2 = {
			isa = PBXFileReference;
			lastKnownFileType = wrapper.nib;
			name = English;
			path = MacOSaiX/English.lproj/MainMenu.nib;
			refType = 4;
			sourceTree = "<group>";
		};
		928F725F066121A700873AE2 = {
			children = (
				928F7260066121A700873AE2,
			);
			isa = PBXVariantGroup;
			name = Preferences.nib;
			path = "";
			refType = 4;
			sourceTree = "<group>";
		};
		928F7260066121A700873AE2 = {
			isa = PBXFileReference;
			lastKnownFileType = wrapper.nib;
			name = English;
			path = MacOSaiX/English.lproj/Preferences.nib;
			refType = 4;
			sourceTree = "<group>";
		};
		928F726C066121AE00873AE2 = {
			children = (
				928F726D066121AE00873AE2,
			);
			isa = PBXVariantGroup;
			name = InfoPlist.strings;
			path = "";
			refType = 4;
			sourceTree = "<group>";
		};
		928F726D066121AE00873AE2 = {
			fileEncoding = 30;
			isa = PBXFileReference;
			lastKnownFileType = text.plist.strings;
			name = English;
			path = MacOSaiX/English.lproj/InfoPlist.strings;
			refType = 4;
			sourceTree = "<group>";
		};
		928F728F0661226000873AE2 = {
			children = (
				928F72900661226000873AE2,
			);
			isa = PBXVariantGroup;
			name = "Glyph Image Source.nib";
			path = "";
			refType = 4;
			sourceTree = "<group>";
		};
		928F72900661226000873AE2 = {
			isa = PBXFileReference;
			lastKnownFileType = wrapper.nib;
			name = English;
			path = "Standard Plugins/Glyph Image Source/English.lproj/Glyph Image Source.nib";
			refType = 4;
			sourceTree = "<group>";
		};
		928F72910661226000873AE2 = {
			children = (
				928F72920661226000873AE2,
			);
			isa = PBXVariantGroup;
			name = "Google Image Source.nib";
			path = "";
			refType = 4;
			sourceTree = "<group>";
		};
		928F72920661226000873AE2 = {
			isa = PBXFileReference;
			lastKnownFileType = wrapper.nib;
			name = English;
			path = "Standard Plugins/Google Image Source/English.lproj/Google Image Source.nib";
			refType = 4;
			sourceTree = "<group>";
		};
		928F72930661226000873AE2 = {
			children = (
				928F72940661226000873AE2,
			);
			isa = PBXVariantGroup;
			name = RectangularTileShapes.nib;
			path = "";
			refType = 4;
			sourceTree = "<group>";
		};
		928F72940661226000873AE2 = {
			isa = PBXFileReference;
			lastKnownFileType = wrapper.nib;
			name = English;
			path = "Standard Plugins/Rectangular Tiles Setup/English.lproj/RectangularTileShapes.nib";
			refType = 4;
			sourceTree = "<group>";
		};
		928F72970661226000873AE2 = {
			children = (
				928F72980661226000873AE2,
			);
			isa = PBXVariantGroup;
			name = "QuickTime Image Source.nib";
			path = "";
			refType = 4;
			sourceTree = "<group>";
		};
		928F72980661226000873AE2 = {
			isa = PBXFileReference;
			lastKnownFileType = wrapper.nib;
			name = English;
			path = "Standard Plugins/QuickTime Image Source/English.lproj/QuickTime Image Source.nib";
			refType = 4;
			sourceTree = "<group>";
		};
		928F72990661226000873AE2 = {
			children = (
				928F729A0661226000873AE2,
			);
			isa = PBXVariantGroup;
			name = "Directory Image Source.nib";
			path = "";
			refType = 4;
			sourceTree = "<group>";
		};
		928F729A0661226000873AE2 = {
			isa = PBXFileReference;
			lastKnownFileType = wrapper.nib;
			name = English;
			path = "Standard Plugins/Directory Image Source/English.lproj/Directory Image Source.nib";
			refType = 4;
			sourceTree = "<group>";
		};
		928F72A00661226000873AE2 = {
			fileRef = 928F72990661226000873AE2;
			isa = PBXBuildFile;
			settings = {
			};
		};
		928F72B90661229700873AE2 = {
			fileRef = 928F72910661226000873AE2;
			isa = PBXBuildFile;
			settings = {
			};
		};
		928F72C00661229F00873AE2 = {
			fileRef = F580657F02456D1901000104;
			isa = PBXBuildFile;
			settings = {
			};
		};
		928F72C4066122B000873AE2 = {
			children = (
				9227FD6D07E37A240020C5F4,
				9227FD6E07E37A240020C5F4,
				9227FD6F07E37A240020C5F4,
				9227FD7007E37A240020C5F4,
				9227FD7907E37A340020C5F4,
				014DB625071A2C8D00DF68C0,
			);
			isa = PBXGroup;
			name = Hexagonal;
			path = "";
			refType = 4;
			sourceTree = "<group>";
		};
		928F72CB066122CC00873AE2 = {
			fileRef = 928F728F0661226000873AE2;
			isa = PBXBuildFile;
			settings = {
			};
		};
		928F72CD066122CD00873AE2 = {
			fileRef = F54EF786025F976A01000103;
			isa = PBXBuildFile;
			settings = {
			};
		};
		928F72D3066122D300873AE2 = {
			fileRef = 928F72930661226000873AE2;
			isa = PBXBuildFile;
			settings = {
			};
		};
		928F72D5066122D800873AE2 = {
			fileRef = 928F72970661226000873AE2;
			isa = PBXBuildFile;
			settings = {
			};
		};
		928F72D80661230700873AE2 = {
			fileEncoding = 30;
			isa = PBXFileReference;
			lastKnownFileType = text.xml;
			name = Info.plist;
			path = "Standard Plugins/Directory Image Source/Info.plist";
			refType = 4;
			sourceTree = "<group>";
		};
		928F72D90661230700873AE2 = {
			fileRef = 928F72D80661230700873AE2;
			isa = PBXBuildFile;
			settings = {
			};
		};
		928F72DC0661231B00873AE2 = {
			fileEncoding = 30;
			isa = PBXFileReference;
			lastKnownFileType = text.xml;
			name = Info.plist;
			path = "Standard Plugins/Glyph Image Source/Info.plist";
			refType = 4;
			sourceTree = "<group>";
		};
		928F72DD0661231B00873AE2 = {
			fileRef = 928F72DC0661231B00873AE2;
			isa = PBXBuildFile;
			settings = {
			};
		};
		928F72E00661234700873AE2 = {
			fileEncoding = 30;
			isa = PBXFileReference;
			lastKnownFileType = text.xml;
			name = Info.plist;
			path = "Standard Plugins/Google Image Source/Info.plist";
			refType = 4;
			sourceTree = "<group>";
		};
		928F72E10661234700873AE2 = {
			fileRef = 928F72E00661234700873AE2;
			isa = PBXBuildFile;
			settings = {
			};
		};
		928F72E40661235B00873AE2 = {
			fileEncoding = 30;
			isa = PBXFileReference;
			lastKnownFileType = text.xml;
			name = Info.plist;
			path = "Standard Plugins/QuickTime Image Source/Info.plist";
			refType = 4;
			sourceTree = "<group>";
		};
		928F72E50661235B00873AE2 = {
			fileRef = 928F72E40661235B00873AE2;
			isa = PBXBuildFile;
			settings = {
			};
		};
		928F72E80661237300873AE2 = {
			fileEncoding = 30;
			isa = PBXFileReference;
			lastKnownFileType = text.xml;
			name = Info.plist;
			path = "Standard Plugins/Rectangular Tiles Setup/Info.plist";
			refType = 4;
			sourceTree = "<group>";
		};
		928F72E90661237300873AE2 = {
			fileRef = 928F72E80661237300873AE2;
			isa = PBXBuildFile;
			settings = {
			};
		};
		92902AEEC5B082BD00F96641 = {
			fileEncoding = 4;
			isa = PBXFileReference;
			lastKnownFileType = sourcecode.c.h;
			name = RectangularTileShapesEditor.h;
			path = "Standard Plugins/Rectangular Tiles Setup/RectangularTileShapesEditor.h";
			refType = 4;
			sourceTree = "<group>";
		};
		92902AEFC5B082BD00F96641 = {
			fileEncoding = 4;
			isa = PBXFileReference;
			lastKnownFileType = sourcecode.c.objc;
			name = RectangularTileShapesEditor.m;
			path = "Standard Plugins/Rectangular Tiles Setup/RectangularTileShapesEditor.m";
			refType = 4;
			sourceTree = "<group>";
		};
		92951FE5068A7FD500366ACB = {
			fileRef = 928F725D066121A700873AE2;
			isa = PBXBuildFile;
			settings = {
			};
		};
		92951FE8068A7FD900366ACB = {
			fileRef = 928F725B066121A700873AE2;
			isa = PBXBuildFile;
			settings = {
			};
		};
		92951FEA068A7FDC00366ACB = {
			fileRef = 928F725F066121A700873AE2;
			isa = PBXBuildFile;
			settings = {
			};
		};
		92951FF1068A7FE600366ACB = {
			fileRef = 928F724A0661214000873AE2;
			isa = PBXBuildFile;
			settings = {
			};
		};
		92951FF9068A7FE900366ACB = {
			fileRef = 928F726C066121AE00873AE2;
			isa = PBXBuildFile;
			settings = {
			};
		};
		92B45F70041A9DF1006867F5 = {
			fileEncoding = 4;
			isa = PBXFileReference;
			lastKnownFileType = sourcecode.c.h;
			name = DirectoryImageSourceController.h;
			path = "Standard Plugins/Directory Image Source/DirectoryImageSourceController.h";
			refType = 4;
			sourceTree = "<group>";
		};
		92B45F71041A9DF1006867F5 = {
			fileEncoding = 4;
			isa = PBXFileReference;
			lastKnownFileType = sourcecode.c.objc;
			name = DirectoryImageSourceController.m;
			path = "Standard Plugins/Directory Image Source/DirectoryImageSourceController.m";
			refType = 4;
			sourceTree = "<group>";
		};
		92B45F74041A9E78006867F5 = {
			fileEncoding = 4;
			isa = PBXFileReference;
			lastKnownFileType = sourcecode.c.h;
			name = GlyphImageSourceController.h;
			path = "Standard Plugins/Glyph Image Source/GlyphImageSourceController.h";
			refType = 4;
			sourceTree = "<group>";
		};
		92B45F75041A9E78006867F5 = {
			fileEncoding = 4;
			isa = PBXFileReference;
			lastKnownFileType = sourcecode.c.objc;
			name = GlyphImageSourceController.m;
			path = "Standard Plugins/Glyph Image Source/GlyphImageSourceController.m";
			refType = 4;
			sourceTree = "<group>";
		};
		92BFFEC1079A2DD50052CC4C = {
			children = (
				92BFFEC2079A2DD50052CC4C,
			);
			isa = PBXVariantGroup;
			name = Credits.html;
			path = "";
			refType = 4;
			sourceTree = "<group>";
		};
		92BFFEC2079A2DD50052CC4C = {
			fileEncoding = 30;
			isa = PBXFileReference;
			lastKnownFileType = text.html;
			name = English;
			path = MacOSaiX/English.lproj/Credits.html;
			refType = 4;
			sourceTree = "<group>";
		};
		92BFFEC3079A2DD50052CC4C = {
			fileRef = 92BFFEC1079A2DD50052CC4C;
			isa = PBXBuildFile;
			settings = {
			};
		};
		92F00CC907C1AA31004F6D06 = {
			children = (
				92F00CCB07C1AA55004F6D06,
			);
			isa = PBXGroup;
			name = "Third Party Code";
			refType = 4;
			sourceTree = "<group>";
		};
		92F00CCB07C1AA55004F6D06 = {
			children = (
				92F00CCC07C1AA55004F6D06,
				92F00CCD07C1AA55004F6D06,
			);
			isa = PBXGroup;
			name = MacPAD;
			path = "Third Party Code/MacPAD";
			refType = 4;
			sourceTree = "<group>";
		};
		92F00CCC07C1AA55004F6D06 = {
			fileEncoding = 30;
			isa = PBXFileReference;
			lastKnownFileType = sourcecode.c.h;
			path = MacPADSocket.h;
			refType = 4;
			sourceTree = "<group>";
		};
		92F00CCD07C1AA55004F6D06 = {
			fileEncoding = 30;
			isa = PBXFileReference;
			lastKnownFileType = sourcecode.c.objc;
			path = MacPADSocket.m;
			refType = 4;
			sourceTree = "<group>";
		};
		92F00CCE07C1AA55004F6D06 = {
			fileRef = 92F00CCC07C1AA55004F6D06;
			isa = PBXBuildFile;
			settings = {
			};
		};
		92F00CCF07C1AA55004F6D06 = {
			fileRef = 92F00CCD07C1AA55004F6D06;
			isa = PBXBuildFile;
			settings = {
			};
		};
		92F00CE207C1B1D0004F6D06 = {
			fileEncoding = 4;
			isa = PBXFileReference;
			lastKnownFileType = sourcecode.c.h;
			name = MacOSaiXUpdateAvailableController.h;
			path = MacOSaiX/MacOSaiXUpdateAvailableController.h;
			refType = 4;
			sourceTree = "<group>";
		};
		92F00CE307C1B1D0004F6D06 = {
			fileEncoding = 4;
			isa = PBXFileReference;
			lastKnownFileType = sourcecode.c.objc;
			name = MacOSaiXUpdateAvailableController.m;
			path = MacOSaiX/MacOSaiXUpdateAvailableController.m;
			refType = 4;
			sourceTree = "<group>";
		};
		92F00CE407C1B1D0004F6D06 = {
			fileRef = 92F00CE207C1B1D0004F6D06;
			isa = PBXBuildFile;
			settings = {
			};
		};
		92F00CE507C1B1D0004F6D06 = {
			fileRef = 92F00CE307C1B1D0004F6D06;
			isa = PBXBuildFile;
			settings = {
			};
		};
		92F00D0607C1B52B004F6D06 = {
			children = (
				92F00D0707C1B52B004F6D06,
			);
			isa = PBXVariantGroup;
			name = "Update Available.nib";
			path = "";
			refType = 4;
			sourceTree = "<group>";
		};
		92F00D0707C1B52B004F6D06 = {
			isa = PBXFileReference;
			lastKnownFileType = wrapper.nib;
			name = English;
			path = "MacOSaiX/English.lproj/Update Available.nib";
			refType = 4;
			sourceTree = "<group>";
		};
		92F00D0807C1B52B004F6D06 = {
			fileRef = 92F00D0607C1B52B004F6D06;
			isa = PBXBuildFile;
			settings = {
			};
		};
		92F2B1D3048027510000011E = {
			fileEncoding = 30;
			isa = PBXFileReference;
			lastKnownFileType = sourcecode.c.h;
			name = QuickTimeImageSource.h;
			path = "Standard Plugins/QuickTime Image Source/QuickTimeImageSource.h";
			refType = 2;
			sourceTree = SOURCE_ROOT;
		};
		92F2B1D4048027510000011E = {
			fileEncoding = 30;
			isa = PBXFileReference;
			lastKnownFileType = sourcecode.c.objc;
			name = QuickTimeImageSource.m;
			path = "Standard Plugins/QuickTime Image Source/QuickTimeImageSource.m";
			refType = 2;
			sourceTree = SOURCE_ROOT;
		};
		92F2B1D5048027510000011E = {
			fileEncoding = 30;
			isa = PBXFileReference;
			lastKnownFileType = sourcecode.c.h;
			name = QuickTimeImageSourceController.h;
			path = "Standard Plugins/QuickTime Image Source/QuickTimeImageSourceController.h";
			refType = 2;
			sourceTree = SOURCE_ROOT;
		};
		92F2B1D6048027510000011E = {
			fileEncoding = 30;
			isa = PBXFileReference;
			lastKnownFileType = sourcecode.c.objc;
			name = QuickTimeImageSourceController.m;
			path = "Standard Plugins/QuickTime Image Source/QuickTimeImageSourceController.m";
			refType = 2;
			sourceTree = SOURCE_ROOT;
		};
		92F2B1D7048027570000011E = {
			children = (
				92F2B1D3048027510000011E,
				92F2B1D4048027510000011E,
				92F2B1D5048027510000011E,
				92F2B1D6048027510000011E,
				928F72970661226000873AE2,
				928F72E40661235B00873AE2,
			);
			isa = PBXGroup;
			name = QuickTime;
			path = "";
			refType = 4;
			sourceTree = "<group>";
		};
		92F2B1EC048027FA0000011E = {
			isa = PBXFileReference;
			lastKnownFileType = wrapper.framework;
			name = QuickTime.framework;
			path = /System/Library/Frameworks/QuickTime.framework;
			refType = 0;
			sourceTree = "<absolute>";
		};
//920
//921
//922
//923
//924
//F50
//F51
//F52
//F53
//F54
		F514D53C0390266E01B25AF1 = {
			isa = PBXFileReference;
			lastKnownFileType = wrapper.framework;
			name = Cocoa.framework;
			path = /System/Library/Frameworks/Cocoa.framework;
			refType = 0;
			sourceTree = "<absolute>";
		};
		F514D5A203949AA801B25AF1 = {
			fileEncoding = 30;
			isa = PBXFileReference;
			lastKnownFileType = sourcecode.c.h;
			name = GoogleImageSourceController.h;
			path = "Standard Plugins/Google Image Source/GoogleImageSourceController.h";
			refType = 4;
			sourceTree = "<group>";
		};
		F514D5A303949AA801B25AF1 = {
			fileEncoding = 30;
			isa = PBXFileReference;
			lastKnownFileType = sourcecode.c.objc;
			name = GoogleImageSourceController.m;
			path = "Standard Plugins/Google Image Source/GoogleImageSourceController.m";
			refType = 4;
			sourceTree = "<group>";
		};
		F528CBCA0274A44201E37B2D = {
			isa = PBXFileReference;
			lastKnownFileType = image.icns;
			name = "Document Icon.icns";
			path = "Icon work/Document Icon/Document Icon.icns";
			refType = 4;
			sourceTree = "<group>";
		};
		F5407219023FE6860100010A = {
			fileEncoding = 30;
			isa = PBXFileReference;
			lastKnownFileType = sourcecode.c.h;
			name = DirectoryImageSource.h;
			path = "Standard Plugins/Directory Image Source/DirectoryImageSource.h";
			refType = 4;
			sourceTree = "<group>";
		};
		F540721A023FE6860100010A = {
			fileEncoding = 30;
			isa = PBXFileReference;
			lastKnownFileType = sourcecode.c.objc;
			name = DirectoryImageSource.m;
			path = "Standard Plugins/Directory Image Source/DirectoryImageSource.m";
			refType = 4;
			sourceTree = "<group>";
		};
		F540721D023FE6E00100010A = {
			fileEncoding = 30;
			isa = PBXFileReference;
			lastKnownFileType = sourcecode.c.h;
			name = GoogleImageSource.h;
			path = "Standard Plugins/Google Image Source/GoogleImageSource.h";
			refType = 4;
			sourceTree = "<group>";
		};
		F540721E023FE6E00100010A = {
			fileEncoding = 30;
			isa = PBXFileReference;
			lastKnownFileType = sourcecode.c.objc;
			name = GoogleImageSource.m;
			path = "Standard Plugins/Google Image Source/GoogleImageSource.m";
			refType = 4;
			sourceTree = "<group>";
		};
		F54167D0024C46CE0100010B = {
			isa = PBXFileReference;
			lastKnownFileType = image.icns;
			name = "Application Icon.icns";
			path = "Icon work/Application Icon/Application Icon.icns";
			refType = 4;
			sourceTree = "<group>";
		};
		F54D1108020F41F001000116 = {
			fileEncoding = 30;
			isa = PBXFileReference;
			lastKnownFileType = text;
			path = "To Do";
			refType = 4;
			sourceTree = "<group>";
		};
		F54EF786025F976A01000103 = {
			isa = PBXFileReference;
			lastKnownFileType = image.tiff;
			name = GlyphImageSource.tiff;
			path = "Standard Plugins/Glyph Image Source/GlyphImageSource.tiff";
			refType = 4;
			sourceTree = "<group>";
		};
		F5517EEE020CD88F01000106 = {
			fileEncoding = 30;
			isa = PBXFileReference;
			lastKnownFileType = sourcecode.c.h;
			name = MosaicView.h;
			path = MacOSaiX/MosaicView.h;
			refType = 4;
			sourceTree = "<group>";
		};
		F5517EEF020CD88F01000106 = {
			fileEncoding = 30;
			isa = PBXFileReference;
			lastKnownFileType = sourcecode.c.objc;
			name = MosaicView.m;
			path = MacOSaiX/MosaicView.m;
			refType = 4;
			sourceTree = "<group>";
		};
		F558F295027DBB8D01000103 = {
			isa = PBXFileReference;
			lastKnownFileType = image.tiff;
			name = Pause.tiff;
			path = Images/Pause.tiff;
			refType = 4;
			sourceTree = "<group>";
		};
		F558F297027DBF1B01000103 = {
			isa = PBXFileReference;
			lastKnownFileType = image.tiff;
			name = Resume.tiff;
			path = Images/Resume.tiff;
			refType = 4;
			sourceTree = "<group>";
		};
		F5666CC9C5B062B401D943E0 = {
			fileEncoding = 30;
			isa = PBXFileReference;
			lastKnownFileType = sourcecode.c.h;
			name = MacOSaiX.h;
			path = MacOSaiX/MacOSaiX.h;
			refType = 4;
			sourceTree = "<group>";
		};
		F5666CCAC5B062B401D943E0 = {
			fileEncoding = 30;
			isa = PBXFileReference;
			lastKnownFileType = sourcecode.c.objc;
			name = MacOSaiX.m;
			path = MacOSaiX/MacOSaiX.m;
			refType = 4;
			sourceTree = "<group>";
		};
		F566B485028052CF01000108 = {
			fileEncoding = 30;
			isa = PBXFileReference;
			lastKnownFileType = sourcecode.c.h;
			name = PreferencesController.h;
			path = MacOSaiX/PreferencesController.h;
			refType = 4;
			sourceTree = "<group>";
		};
		F566B486028052CF01000108 = {
			fileEncoding = 30;
			isa = PBXFileReference;
			lastKnownFileType = sourcecode.c.objc;
			name = PreferencesController.m;
			path = MacOSaiX/PreferencesController.m;
			refType = 4;
			sourceTree = "<group>";
		};
		F57C77AC025D0CFF01000102 = {
			fileEncoding = 30;
			isa = PBXFileReference;
			lastKnownFileType = sourcecode.c.h;
			name = GlyphImageSource.h;
			path = "Standard Plugins/Glyph Image Source/GlyphImageSource.h";
			refType = 4;
			sourceTree = "<group>";
		};
		F57C77AD025D0CFF01000102 = {
			fileEncoding = 30;
			isa = PBXFileReference;
			lastKnownFileType = sourcecode.c.objc;
			name = GlyphImageSource.m;
			path = "Standard Plugins/Glyph Image Source/GlyphImageSource.m";
			refType = 4;
			sourceTree = "<group>";
		};
		F57C77BD025E6D6001000102 = {
			children = (
				F54167D0024C46CE0100010B,
				F528CBCA0274A44201E37B2D,
				F58E0885028C767C016CFBE9,
				F58E0883028C71BF016CFBE9,
				F594095B02472CFD01000104,
				F594095502469B3101000104,
				F5940957024722BA01000104,
				F558F295027DBB8D01000103,
				F558F297027DBF1B01000103,
				01AC3A3B07B0997C0025F915,
			);
			isa = PBXGroup;
			name = Images;
			path = "";
			refType = 4;
			sourceTree = "<group>";
		};
		F580657F02456D1901000104 = {
			isa = PBXFileReference;
			lastKnownFileType = image.gif;
			name = GoogleImageSource.gif;
			path = "Standard Plugins/Google Image Source/GoogleImageSource.gif";
			refType = 4;
			sourceTree = "<group>";
		};
		F58E0883028C71BF016CFBE9 = {
			isa = PBXFileReference;
			lastKnownFileType = image.tiff;
			name = BadgeRed.tiff;
			path = Images/BadgeRed.tiff;
			refType = 4;
			sourceTree = "<group>";
		};
		F58E0885028C767C016CFBE9 = {
			isa = PBXFileReference;
			lastKnownFileType = image.tiff;
			name = BadgeGreen.tiff;
			path = Images/BadgeGreen.tiff;
			refType = 4;
			sourceTree = "<group>";
		};
		F594095502469B3101000104 = {
			isa = PBXFileReference;
			lastKnownFileType = image.tiff;
			name = ExportImage.tiff;
			path = Images/ExportImage.tiff;
			refType = 4;
			sourceTree = "<group>";
		};
		F5940957024722BA01000104 = {
			isa = PBXFileReference;
			lastKnownFileType = image.tiff;
			name = ImageSources.tiff;
			path = Images/ImageSources.tiff;
			refType = 4;
			sourceTree = "<group>";
		};
		F594095B02472CFD01000104 = {
			isa = PBXFileReference;
			lastKnownFileType = image.tiff;
			name = Blank.tiff;
			path = Images/Blank.tiff;
			refType = 4;
			sourceTree = "<group>";
		};
		F599E5560266AAD101000103 = {
			isa = PBXFileReference;
			lastKnownFileType = wrapper.framework;
			name = Carbon.framework;
			path = /System/Library/Frameworks/Carbon.framework;
			refType = 0;
			sourceTree = "<absolute>";
		};
		F5B7584A024DAEFD0100010D = {
			buildSettings = {
			};
			isa = PBXBuildStyle;
			name = Profile;
		};
		F5EE25FD03901F9D01705684 = {
			children = (
				01453CA7071B6EED00BCEC7C,
				01453C99071B6EE300BCEC7C,
			);
			isa = PBXGroup;
			name = "Standard Plugins";
			refType = 4;
			sourceTree = "<group>";
		};
	};
	rootObject = 29B97313FDCFA39411CA2CEA;
}
